
Microsoft Visual Studio Solution File, Format Version 12.00
# Visual Studio Version 17
VisualStudioVersion = 17.9.34723.18
MinimumVisualStudioVersion = 10.0.40219.1
Project("{FAE04EC0-301F-11D3-BF4B-00C04F79EFBC}") = "CompanyModParadoxInteractive", "CompanyModParadoxInteractive.csproj", "{F777EEEA-0177-4E71-82A8-9F85DCF1E666}"
EndProject
Global
	GlobalSection(SolutionConfigurationPlatforms) = preSolution
		Debug|Any CPU = Debug|Any CPU
		Release|Any CPU = Release|Any CPU
	EndGlobalSection
	GlobalSection(ProjectConfigurationPlatforms) = postSolution
		{F777EEEA-0177-4E71-82A8-9F85DCF1E666}.Debug|Any CPU.ActiveCfg = Debug|Any CPU
		{F777EEEA-0177-4E71-82A8-9F85DCF1E666}.Debug|Any CPU.Build.0 = Debug|Any CPU
		{F777EEEA-0177-4E71-82A8-9F85DCF1E666}.Release|Any CPU.ActiveCfg = Release|Any CPU
		{F777EEEA-0177-4E71-82A8-9F85DCF1E666}.Release|Any CPU.Build.0 = Release|Any CPU
	EndGlobalSection
	GlobalSection(SolutionProperties) = preSolution
		HideSolutionNode = FALSE
	EndGlobalSection
	GlobalSection(ExtensibilityGlobals) = postSolution
		SolutionGuid = {FA6B86CA-A0FB-4CD8-99C6-2E6C82C8E9F2}
	EndGlobalSection
EndGlobal
