
Microsoft Visual Studio Solution File, Format Version 12.00
# Visual Studio Version 17
VisualStudioVersion = 17.10.34928.147
MinimumVisualStudioVersion = 10.0.40219.1
Project("{FAE04EC0-301F-11D3-BF4B-00C04F79EFBC}") = "RealWorldBrand_Adobe", "RealWorldBrand_Adobe.csproj", "{F82993E6-8A41-4EFB-B167-B848A8CB10EE}"
EndProject
Global
	GlobalSection(SolutionConfigurationPlatforms) = preSolution
		Debug|Any CPU = Debug|Any CPU
		Release|Any CPU = Release|Any CPU
	EndGlobalSection
	GlobalSection(ProjectConfigurationPlatforms) = postSolution
		{F82993E6-8A41-4EFB-B167-B848A8CB10EE}.Debug|Any CPU.ActiveCfg = Debug|Any CPU
		{F82993E6-8A41-4EFB-B167-B848A8CB10EE}.Debug|Any CPU.Build.0 = Debug|Any CPU
		{F82993E6-8A41-4EFB-B167-B848A8CB10EE}.Release|Any CPU.ActiveCfg = Release|Any CPU
		{F82993E6-8A41-4EFB-B167-B848A8CB10EE}.Release|Any CPU.Build.0 = Release|Any CPU
	EndGlobalSection
	GlobalSection(SolutionProperties) = preSolution
		HideSolutionNode = FALSE
	EndGlobalSection
	GlobalSection(ExtensibilityGlobals) = postSolution
		SolutionGuid = {C784C855-CD87-471D-9BCE-DF41681B5CEF}
	EndGlobalSection
EndGlobal
